
Microsoft Visual Studio Solution File, Format Version 12.00
# Visual Studio 14
VisualStudioVersion = 14.0.23107.0
MinimumVisualStudioVersion = 10.0.40219.1
Project("{FAE04EC0-301F-11D3-BF4B-00C04F79EFBC}") = "KeyStats", "KeyStats\KeyStats.csproj", "{CBDC2FDF-A213-4C53-AC2D-77F78058E692}"
EndProject
Global
	GlobalSection(SolutionConfigurationPlatforms) = preSolution
		Debug|Any CPU = Debug|Any CPU
		Release|Any CPU = Release|Any CPU
	EndGlobalSection
	GlobalSection(ProjectConfigurationPlatforms) = postSolution
		{CBDC2FDF-A213-4C53-AC2D-77F78058E692}.Debug|Any CPU.ActiveCfg = Debug|Any CPU
		{CBDC2FDF-A213-4C53-AC2D-77F78058E692}.Debug|Any CPU.Build.0 = Debug|Any CPU
		{CBDC2FDF-A213-4C53-AC2D-77F78058E692}.Release|Any CPU.ActiveCfg = Release|Any CPU
		{CBDC2FDF-A213-4C53-AC2D-77F78058E692}.Release|Any CPU.Build.0 = Release|Any CPU
	EndGlobalSection
	GlobalSection(SolutionProperties) = preSolution
		HideSolutionNode = FALSE
	EndGlobalSection
EndGlobal
